
Microsoft Visual Studio Solution File, Format Version 12.00
# Visual Studio Version 17
VisualStudioVersion = 17.2.32602.215
MinimumVisualStudioVersion = 10.0.40219.1
Project("{FAE04EC0-301F-11D3-BF4B-00C04F79EFBC}") = "QiwiDemo", "QiwiDemo\QiwiDemo.csproj", "{47FE99C5-8AB8-4DDD-B82D-E922413755F9}"
EndProject
Global
	GlobalSection(SolutionConfigurationPlatforms) = preSolution
		Debug|Any CPU = Debug|Any CPU
		Release|Any CPU = Release|Any CPU
	EndGlobalSection
	GlobalSection(ProjectConfigurationPlatforms) = postSolution
		{47FE99C5-8AB8-4DDD-B82D-E922413755F9}.Debug|Any CPU.ActiveCfg = Debug|Any CPU
		{47FE99C5-8AB8-4DDD-B82D-E922413755F9}.Debug|Any CPU.Build.0 = Debug|Any CPU
		{47FE99C5-8AB8-4DDD-B82D-E922413755F9}.Release|Any CPU.ActiveCfg = Release|Any CPU
		{47FE99C5-8AB8-4DDD-B82D-E922413755F9}.Release|Any CPU.Build.0 = Release|Any CPU
	EndGlobalSection
	GlobalSection(SolutionProperties) = preSolution
		HideSolutionNode = FALSE
	EndGlobalSection
	GlobalSection(ExtensibilityGlobals) = postSolution
		SolutionGuid = {1CEDCF8C-A83B-47E6-B73C-EE61474AC689}
	EndGlobalSection
EndGlobal
